
Microsoft Visual Studio Solution File, Format Version 12.00
# Visual Studio Version 18
VisualStudioVersion = 18.0.11205.157
MinimumVisualStudioVersion = 10.0.40219.1
Project("{9A19103F-16F7-4668-BE54-9A1E7A4F7556}") = "Monoroids", "games\Monoroids\Monoroids.csproj", "{941A73B6-477E-4950-9359-CB10EE0294C7}"
EndProject
Project("{9A19103F-16F7-4668-BE54-9A1E7A4F7556}") = "Solo", "Solo\Solo.csproj", "{E4C1137D-A974-4243-80AF-7EF8402C8C17}"
EndProject
Project("{2150E333-8FDC-42A3-9474-1A3956D46DE8}") = "games", "games", "{523A1367-200D-4197-8F65-5E480ABC0862}"
EndProject
Project("{9A19103F-16F7-4668-BE54-9A1E7A4F7556}") = "Snake", "games\Snake\Snake.csproj", "{7E9DA4B6-BC19-48B1-B5EA-24D0EEDB77C8}"
EndProject
Project("{2150E333-8FDC-42A3-9474-1A3956D46DE8}") = "engine", "engine", "{F62569E0-28A4-4BA1-B2A9-DF84F361F724}"
EndProject
Project("{FAE04EC0-301F-11D3-BF4B-00C04F79EFBC}") = "Tetris", "games\Tetris\Tetris.csproj", "{4F3289BC-DF74-4AE3-8AD8-6393CC077BB6}"
EndProject
Project("{FAE04EC0-301F-11D3-BF4B-00C04F79EFBC}") = "SpaceInvaders", "games\SpaceInvaders\SpaceInvaders.csproj", "{B78FC166-3436-4AC9-87FE-39437D135838}"
EndProject
Project("{FAE04EC0-301F-11D3-BF4B-00C04F79EFBC}") = "Pacman", "games\Pacman\Pacman.csproj", "{A91D6F6D-21F2-4916-937A-1972DBC7E94C}"
EndProject
Project("{FAE04EC0-301F-11D3-BF4B-00C04F79EFBC}") = "Solocaster", "games\Solocaster\Solocaster.csproj", "{A01921ED-9571-40E2-9ECF-D92FC02A8021}"
EndProject
Project("{2150E333-8FDC-42A3-9474-1A3956D46DE8}") = "tools", "tools", "{07C2787E-EAC7-C090-1BA3-A61EC2A24D84}"
EndProject
Project("{FAE04EC0-301F-11D3-BF4B-00C04F79EFBC}") = "SpriteSheetEditor", "tools\SpriteSheetEditor\SpriteSheetEditor.csproj", "{BF2CD45C-F37C-4026-9A8B-AFD5C0FF13B4}"
EndProject
Global
	GlobalSection(SolutionConfigurationPlatforms) = preSolution
		Debug|Any CPU = Debug|Any CPU
		Debug|x64 = Debug|x64
		Debug|x86 = Debug|x86
		Release|Any CPU = Release|Any CPU
		Release|x64 = Release|x64
		Release|x86 = Release|x86
	EndGlobalSection
	GlobalSection(ProjectConfigurationPlatforms) = postSolution
		{941A73B6-477E-4950-9359-CB10EE0294C7}.Debug|Any CPU.ActiveCfg = Debug|Any CPU
		{941A73B6-477E-4950-9359-CB10EE0294C7}.Debug|Any CPU.Build.0 = Debug|Any CPU
		{941A73B6-477E-4950-9359-CB10EE0294C7}.Debug|x64.ActiveCfg = Debug|Any CPU
		{941A73B6-477E-4950-9359-CB10EE0294C7}.Debug|x64.Build.0 = Debug|Any CPU
		{941A73B6-477E-4950-9359-CB10EE0294C7}.Debug|x86.ActiveCfg = Debug|Any CPU
		{941A73B6-477E-4950-9359-CB10EE0294C7}.Debug|x86.Build.0 = Debug|Any CPU
		{941A73B6-477E-4950-9359-CB10EE0294C7}.Release|Any CPU.ActiveCfg = Release|Any CPU
		{941A73B6-477E-4950-9359-CB10EE0294C7}.Release|Any CPU.Build.0 = Release|Any CPU
		{941A73B6-477E-4950-9359-CB10EE0294C7}.Release|x64.ActiveCfg = Release|Any CPU
		{941A73B6-477E-4950-9359-CB10EE0294C7}.Release|x64.Build.0 = Release|Any CPU
		{941A73B6-477E-4950-9359-CB10EE0294C7}.Release|x86.ActiveCfg = Release|Any CPU
		{941A73B6-477E-4950-9359-CB10EE0294C7}.Release|x86.Build.0 = Release|Any CPU
		{E4C1137D-A974-4243-80AF-7EF8402C8C17}.Debug|Any CPU.ActiveCfg = Debug|Any CPU
		{E4C1137D-A974-4243-80AF-7EF8402C8C17}.Debug|Any CPU.Build.0 = Debug|Any CPU
		{E4C1137D-A974-4243-80AF-7EF8402C8C17}.Debug|x64.ActiveCfg = Debug|Any CPU
		{E4C1137D-A974-4243-80AF-7EF8402C8C17}.Debug|x64.Build.0 = Debug|Any CPU
		{E4C1137D-A974-4243-80AF-7EF8402C8C17}.Debug|x86.ActiveCfg = Debug|Any CPU
		{E4C1137D-A974-4243-80AF-7EF8402C8C17}.Debug|x86.Build.0 = Debug|Any CPU
		{E4C1137D-A974-4243-80AF-7EF8402C8C17}.Release|Any CPU.ActiveCfg = Release|Any CPU
		{E4C1137D-A974-4243-80AF-7EF8402C8C17}.Release|Any CPU.Build.0 = Release|Any CPU
		{E4C1137D-A974-4243-80AF-7EF8402C8C17}.Release|x64.ActiveCfg = Release|Any CPU
		{E4C1137D-A974-4243-80AF-7EF8402C8C17}.Release|x64.Build.0 = Release|Any CPU
		{E4C1137D-A974-4243-80AF-7EF8402C8C17}.Release|x86.ActiveCfg = Release|Any CPU
		{E4C1137D-A974-4243-80AF-7EF8402C8C17}.Release|x86.Build.0 = Release|Any CPU
		{7E9DA4B6-BC19-48B1-B5EA-24D0EEDB77C8}.Debug|Any CPU.ActiveCfg = Debug|Any CPU
		{7E9DA4B6-BC19-48B1-B5EA-24D0EEDB77C8}.Debug|Any CPU.Build.0 = Debug|Any CPU
		{7E9DA4B6-BC19-48B1-B5EA-24D0EEDB77C8}.Debug|x64.ActiveCfg = Debug|Any CPU
		{7E9DA4B6-BC19-48B1-B5EA-24D0EEDB77C8}.Debug|x64.Build.0 = Debug|Any CPU
		{7E9DA4B6-BC19-48B1-B5EA-24D0EEDB77C8}.Debug|x86.ActiveCfg = Debug|Any CPU
		{7E9DA4B6-BC19-48B1-B5EA-24D0EEDB77C8}.Debug|x86.Build.0 = Debug|Any CPU
		{7E9DA4B6-BC19-48B1-B5EA-24D0EEDB77C8}.Release|Any CPU.ActiveCfg = Release|Any CPU
		{7E9DA4B6-BC19-48B1-B5EA-24D0EEDB77C8}.Release|Any CPU.Build.0 = Release|Any CPU
		{7E9DA4B6-BC19-48B1-B5EA-24D0EEDB77C8}.Release|x64.ActiveCfg = Release|Any CPU
		{7E9DA4B6-BC19-48B1-B5EA-24D0EEDB77C8}.Release|x64.Build.0 = Release|Any CPU
		{7E9DA4B6-BC19-48B1-B5EA-24D0EEDB77C8}.Release|x86.ActiveCfg = Release|Any CPU
		{7E9DA4B6-BC19-48B1-B5EA-24D0EEDB77C8}.Release|x86.Build.0 = Release|Any CPU
		{4F3289BC-DF74-4AE3-8AD8-6393CC077BB6}.Debug|Any CPU.ActiveCfg = Debug|Any CPU
		{4F3289BC-DF74-4AE3-8AD8-6393CC077BB6}.Debug|Any CPU.Build.0 = Debug|Any CPU
		{4F3289BC-DF74-4AE3-8AD8-6393CC077BB6}.Debug|x64.ActiveCfg = Debug|Any CPU
		{4F3289BC-DF74-4AE3-8AD8-6393CC077BB6}.Debug|x64.Build.0 = Debug|Any CPU
		{4F3289BC-DF74-4AE3-8AD8-6393CC077BB6}.Debug|x86.ActiveCfg = Debug|Any CPU
		{4F3289BC-DF74-4AE3-8AD8-6393CC077BB6}.Debug|x86.Build.0 = Debug|Any CPU
		{4F3289BC-DF74-4AE3-8AD8-6393CC077BB6}.Release|Any CPU.ActiveCfg = Release|Any CPU
		{4F3289BC-DF74-4AE3-8AD8-6393CC077BB6}.Release|Any CPU.Build.0 = Release|Any CPU
		{4F3289BC-DF74-4AE3-8AD8-6393CC077BB6}.Release|x64.ActiveCfg = Release|Any CPU
		{4F3289BC-DF74-4AE3-8AD8-6393CC077BB6}.Release|x64.Build.0 = Release|Any CPU
		{4F3289BC-DF74-4AE3-8AD8-6393CC077BB6}.Release|x86.ActiveCfg = Release|Any CPU
		{4F3289BC-DF74-4AE3-8AD8-6393CC077BB6}.Release|x86.Build.0 = Release|Any CPU
		{B78FC166-3436-4AC9-87FE-39437D135838}.Debug|Any CPU.ActiveCfg = Debug|Any CPU
		{B78FC166-3436-4AC9-87FE-39437D135838}.Debug|Any CPU.Build.0 = Debug|Any CPU
		{B78FC166-3436-4AC9-87FE-39437D135838}.Debug|x64.ActiveCfg = Debug|Any CPU
		{B78FC166-3436-4AC9-87FE-39437D135838}.Debug|x64.Build.0 = Debug|Any CPU
		{B78FC166-3436-4AC9-87FE-39437D135838}.Debug|x86.ActiveCfg = Debug|Any CPU
		{B78FC166-3436-4AC9-87FE-39437D135838}.Debug|x86.Build.0 = Debug|Any CPU
		{B78FC166-3436-4AC9-87FE-39437D135838}.Release|Any CPU.ActiveCfg = Release|Any CPU
		{B78FC166-3436-4AC9-87FE-39437D135838}.Release|Any CPU.Build.0 = Release|Any CPU
		{B78FC166-3436-4AC9-87FE-39437D135838}.Release|x64.ActiveCfg = Release|Any CPU
		{B78FC166-3436-4AC9-87FE-39437D135838}.Release|x64.Build.0 = Release|Any CPU
		{B78FC166-3436-4AC9-87FE-39437D135838}.Release|x86.ActiveCfg = Release|Any CPU
		{B78FC166-3436-4AC9-87FE-39437D135838}.Release|x86.Build.0 = Release|Any CPU
		{A91D6F6D-21F2-4916-937A-1972DBC7E94C}.Debug|Any CPU.ActiveCfg = Debug|Any CPU
		{A91D6F6D-21F2-4916-937A-1972DBC7E94C}.Debug|Any CPU.Build.0 = Debug|Any CPU
		{A91D6F6D-21F2-4916-937A-1972DBC7E94C}.Debug|x64.ActiveCfg = Debug|Any CPU
		{A91D6F6D-21F2-4916-937A-1972DBC7E94C}.Debug|x64.Build.0 = Debug|Any CPU
		{A91D6F6D-21F2-4916-937A-1972DBC7E94C}.Debug|x86.ActiveCfg = Debug|Any CPU
		{A91D6F6D-21F2-4916-937A-1972DBC7E94C}.Debug|x86.Build.0 = Debug|Any CPU
		{A91D6F6D-21F2-4916-937A-1972DBC7E94C}.Release|Any CPU.ActiveCfg = Release|Any CPU
		{A91D6F6D-21F2-4916-937A-1972DBC7E94C}.Release|Any CPU.Build.0 = Release|Any CPU
		{A91D6F6D-21F2-4916-937A-1972DBC7E94C}.Release|x64.ActiveCfg = Release|Any CPU
		{A91D6F6D-21F2-4916-937A-1972DBC7E94C}.Release|x64.Build.0 = Release|Any CPU
		{A91D6F6D-21F2-4916-937A-1972DBC7E94C}.Release|x86.ActiveCfg = Release|Any CPU
		{A91D6F6D-21F2-4916-937A-1972DBC7E94C}.Release|x86.Build.0 = Release|Any CPU
		{A01921ED-9571-40E2-9ECF-D92FC02A8021}.Debug|Any CPU.ActiveCfg = Debug|Any CPU
		{A01921ED-9571-40E2-9ECF-D92FC02A8021}.Debug|Any CPU.Build.0 = Debug|Any CPU
		{A01921ED-9571-40E2-9ECF-D92FC02A8021}.Debug|x64.ActiveCfg = Debug|Any CPU
		{A01921ED-9571-40E2-9ECF-D92FC02A8021}.Debug|x64.Build.0 = Debug|Any CPU
		{A01921ED-9571-40E2-9ECF-D92FC02A8021}.Debug|x86.ActiveCfg = Debug|Any CPU
		{A01921ED-9571-40E2-9ECF-D92FC02A8021}.Debug|x86.Build.0 = Debug|Any CPU
		{A01921ED-9571-40E2-9ECF-D92FC02A8021}.Release|Any CPU.ActiveCfg = Release|Any CPU
		{A01921ED-9571-40E2-9ECF-D92FC02A8021}.Release|Any CPU.Build.0 = Release|Any CPU
		{A01921ED-9571-40E2-9ECF-D92FC02A8021}.Release|x64.ActiveCfg = Release|Any CPU
		{A01921ED-9571-40E2-9ECF-D92FC02A8021}.Release|x64.Build.0 = Release|Any CPU
		{A01921ED-9571-40E2-9ECF-D92FC02A8021}.Release|x86.ActiveCfg = Release|Any CPU
		{A01921ED-9571-40E2-9ECF-D92FC02A8021}.Release|x86.Build.0 = Release|Any CPU
		{BF2CD45C-F37C-4026-9A8B-AFD5C0FF13B4}.Debug|Any CPU.ActiveCfg = Debug|Any CPU
		{BF2CD45C-F37C-4026-9A8B-AFD5C0FF13B4}.Debug|Any CPU.Build.0 = Debug|Any CPU
		{BF2CD45C-F37C-4026-9A8B-AFD5C0FF13B4}.Debug|x64.ActiveCfg = Debug|Any CPU
		{BF2CD45C-F37C-4026-9A8B-AFD5C0FF13B4}.Debug|x64.Build.0 = Debug|Any CPU
		{BF2CD45C-F37C-4026-9A8B-AFD5C0FF13B4}.Debug|x86.ActiveCfg = Debug|Any CPU
		{BF2CD45C-F37C-4026-9A8B-AFD5C0FF13B4}.Debug|x86.Build.0 = Debug|Any CPU
		{BF2CD45C-F37C-4026-9A8B-AFD5C0FF13B4}.Release|Any CPU.ActiveCfg = Release|Any CPU
		{BF2CD45C-F37C-4026-9A8B-AFD5C0FF13B4}.Release|Any CPU.Build.0 = Release|Any CPU
		{BF2CD45C-F37C-4026-9A8B-AFD5C0FF13B4}.Release|x64.ActiveCfg = Release|Any CPU
		{BF2CD45C-F37C-4026-9A8B-AFD5C0FF13B4}.Release|x64.Build.0 = Release|Any CPU
		{BF2CD45C-F37C-4026-9A8B-AFD5C0FF13B4}.Release|x86.ActiveCfg = Release|Any CPU
		{BF2CD45C-F37C-4026-9A8B-AFD5C0FF13B4}.Release|x86.Build.0 = Release|Any CPU
	EndGlobalSection
	GlobalSection(SolutionProperties) = preSolution
		HideSolutionNode = FALSE
	EndGlobalSection
	GlobalSection(NestedProjects) = preSolution
		{941A73B6-477E-4950-9359-CB10EE0294C7} = {523A1367-200D-4197-8F65-5E480ABC0862}
		{E4C1137D-A974-4243-80AF-7EF8402C8C17} = {F62569E0-28A4-4BA1-B2A9-DF84F361F724}
		{7E9DA4B6-BC19-48B1-B5EA-24D0EEDB77C8} = {523A1367-200D-4197-8F65-5E480ABC0862}
		{4F3289BC-DF74-4AE3-8AD8-6393CC077BB6} = {523A1367-200D-4197-8F65-5E480ABC0862}
		{B78FC166-3436-4AC9-87FE-39437D135838} = {523A1367-200D-4197-8F65-5E480ABC0862}
		{A91D6F6D-21F2-4916-937A-1972DBC7E94C} = {523A1367-200D-4197-8F65-5E480ABC0862}
		{A01921ED-9571-40E2-9ECF-D92FC02A8021} = {523A1367-200D-4197-8F65-5E480ABC0862}
		{BF2CD45C-F37C-4026-9A8B-AFD5C0FF13B4} = {07C2787E-EAC7-C090-1BA3-A61EC2A24D84}
	EndGlobalSection
	GlobalSection(ExtensibilityGlobals) = postSolution
		SolutionGuid = {A8DB24BE-C2CD-4FA8-B4F5-9FEECB8B62BE}
	EndGlobalSection
EndGlobal
